{
    "name": "worker",
    "version": "1.0.0",
    "lockfileVersion": 2,
    "requires": true,
    "packages": {
        "": {
            "name": "worker",
            "version": "1.0.0",
            "license": "Apache",
            "devDependencies": {
                "@cloudflare/workers-types": "^4.20250525.0"
            }
        },
        "node_modules/@cloudflare/workers-types": {
            "version": "4.20250525.0",
            "resolved": "https://registry.npmjs.org/@cloudflare/workers-types/-/workers-types-4.20250525.0.tgz",
            "integrity": "sha512-3loeNVJkcDLb9giarUIHmDgvh+/4RtH+R/rHn4BCmME1qKdu73n/hvECYhH8BabCZplF8zQy1wok1MKwXEWC/A==",
            "dev": true,
            "license": "MIT OR Apache-2.0"
        }
    },
    "dependencies": {
        "@cloudflare/workers-types": {
            "version": "4.20250525.0",
            "resolved": "https://registry.npmjs.org/@cloudflare/workers-types/-/workers-types-4.20250525.0.tgz",
            "integrity": "sha512-3loeNVJkcDLb9giarUIHmDgvh+/4RtH+R/rHn4BCmME1qKdu73n/hvECYhH8BabCZplF8zQy1wok1MKwXEWC/A==",
            "dev": true
        }
    }
}
